{
  "requires": true,
  "lockfileVersion": 1,
  "dependencies": {
    "dgram": {
      "version": "1.0.1",
      "resolved": "https://registry.npmjs.org/dgram/-/dgram-1.0.1.tgz",
      "integrity": "sha1-N/OyAPgDOl/3WTAwicgc42G2UcM="
    },
    "dns-packet": {
      "version": "5.0.1",
      "resolved": "https://registry.npmjs.org/dns-packet/-/dns-packet-5.0.1.tgz",
      "integrity": "sha512-1XE76Q6m/kNA+49qnDyoYagqzSDY8kgl7S9tPdkQGJMfER6EfgccDcBa7MgEgzjxgcam/E2sx5WGNIotMLulJg==",
      "requires": {
        "ip": "1.1.5"
      }
    },
    "ip": {
      "version": "1.1.5",
      "resolved": "https://registry.npmjs.org/ip/-/ip-1.1.5.tgz",
      "integrity": "sha1-vd7XARQpCCjAoDnnLvJfWq7ENUo="
    },
    "net": {
      "version": "1.0.2",
      "resolved": "https://registry.npmjs.org/net/-/net-1.0.2.tgz",
      "integrity": "sha1-0XV+yaf7I3HYPPR1XOPifhCCk4g="
    }
  }
}
